// !$*UTF8*$!
{
	archiveVersion = 1;
	classes = {
	};
	objectVersion = 56;
	objects = {

/* Begin PBXBuildFile section */
		5C8DFA41299F43BA00455385 /* Continuations.swift in Sources */ = {isa = PBXBuildFile; fileRef = 5C8DFA40299F43BA00455385 /* Continuations.swift */; };
		5C8DFA43299FEAE700455385 /* Actors.swift in Sources */ = {isa = PBXBuildFile; fileRef = 5C8DFA42299FEAE700455385 /* Actors.swift */; };
		5C8DFA4529A00BBE00455385 /* GlobalActors.swift in Sources */ = {isa = PBXBuildFile; fileRef = 5C8DFA4429A00BBE00455385 /* GlobalActors.swift */; };
		5C8DFA4729A0153400455385 /* Sendables.swift in Sources */ = {isa = PBXBuildFile; fileRef = 5C8DFA4629A0153400455385 /* Sendables.swift */; };
		5C8DFA4929A0322200455385 /* AsyncPublishers.swift in Sources */ = {isa = PBXBuildFile; fileRef = 5C8DFA4829A0322200455385 /* AsyncPublishers.swift */; };
		5C8DFA4C29A03EEA00455385 /* CustomViewModifier.swift in Sources */ = {isa = PBXBuildFile; fileRef = 5C8DFA4B29A03EEA00455385 /* CustomViewModifier.swift */; };
		5C8DFA4E29A0517F00455385 /* CustomButtonStyles.swift in Sources */ = {isa = PBXBuildFile; fileRef = 5C8DFA4D29A0517F00455385 /* CustomButtonStyles.swift */; };
		5C8DFA5029A058B100455385 /* CustomAnyTransitions.swift in Sources */ = {isa = PBXBuildFile; fileRef = 5C8DFA4F29A058B100455385 /* CustomAnyTransitions.swift */; };
		5CA05A5C299C3BAD00729FE7 /* GeometryReaders.swift in Sources */ = {isa = PBXBuildFile; fileRef = 5CA05A5B299C3BAD00729FE7 /* GeometryReaders.swift */; };
		5CA05A69299EAD2100729FE7 /* Tasks.swift in Sources */ = {isa = PBXBuildFile; fileRef = 5CA05A68299EAD2100729FE7 /* Tasks.swift */; };
		5CA05A6B299EEE1700729FE7 /* AsyncLet.swift in Sources */ = {isa = PBXBuildFile; fileRef = 5CA05A6A299EEE1700729FE7 /* AsyncLet.swift */; };
		5CA05A6D299F1CF300729FE7 /* TaskGroups.swift in Sources */ = {isa = PBXBuildFile; fileRef = 5CA05A6C299F1CF300729FE7 /* TaskGroups.swift */; };
		E0071770298AE45A0098DD53 /* Extensions.md in Resources */ = {isa = PBXBuildFile; fileRef = E007176F298AE45A0098DD53 /* Extensions.md */; };
		E0071774298C202C0098DD53 /* DoTryCatch.swift in Sources */ = {isa = PBXBuildFile; fileRef = E0071773298C202C0098DD53 /* DoTryCatch.swift */; };
		E0071777298C2BC80098DD53 /* DownLoadImageAsync.swift in Sources */ = {isa = PBXBuildFile; fileRef = E0071776298C2BC80098DD53 /* DownLoadImageAsync.swift */; };
		E0071779298C3D780098DD53 /* AsyncAwait.swift in Sources */ = {isa = PBXBuildFile; fileRef = E0071778298C3D780098DD53 /* AsyncAwait.swift */; };
		E007177E298ECB780098DD53 /* Textdemo.swift in Sources */ = {isa = PBXBuildFile; fileRef = E007177D298ECB780098DD53 /* Textdemo.swift */; };
		E0071780298ED0160098DD53 /* Shapesdemo.swift in Sources */ = {isa = PBXBuildFile; fileRef = E007177F298ED0160098DD53 /* Shapesdemo.swift */; };
		E0071782298ED2A40098DD53 /* Colordemo.swift in Sources */ = {isa = PBXBuildFile; fileRef = E0071781298ED2A40098DD53 /* Colordemo.swift */; };
		E0071784298ED7ED0098DD53 /* Gradientdemo.swift in Sources */ = {isa = PBXBuildFile; fileRef = E0071783298ED7ED0098DD53 /* Gradientdemo.swift */; };
		E0071786298EDFEF0098DD53 /* SystemIconsdemo.swift in Sources */ = {isa = PBXBuildFile; fileRef = E0071785298EDFEF0098DD53 /* SystemIconsdemo.swift */; };
		E0071788298EE21B0098DD53 /* Imagesdemo.swift in Sources */ = {isa = PBXBuildFile; fileRef = E0071787298EE21B0098DD53 /* Imagesdemo.swift */; };
		E007178A298EE4CC0098DD53 /* Framedemo.swift in Sources */ = {isa = PBXBuildFile; fileRef = E0071789298EE4CC0098DD53 /* Framedemo.swift */; };
		E007178C298EE81B0098DD53 /* BackgroundAndOverlaydemo.swift in Sources */ = {isa = PBXBuildFile; fileRef = E007178B298EE81B0098DD53 /* BackgroundAndOverlaydemo.swift */; };
		E007178E298EF2F60098DD53 /* VHZStacksdemo.swift in Sources */ = {isa = PBXBuildFile; fileRef = E007178D298EF2F60098DD53 /* VHZStacksdemo.swift */; };
		E0071790298EF6D80098DD53 /* Paddingdemo.swift in Sources */ = {isa = PBXBuildFile; fileRef = E007178F298EF6D80098DD53 /* Paddingdemo.swift */; };
		E0071792298EFC870098DD53 /* Spacerdemo.swift in Sources */ = {isa = PBXBuildFile; fileRef = E0071791298EFC870098DD53 /* Spacerdemo.swift */; };
		E0071794298F07930098DD53 /* InitsAndEnumdemo.swift in Sources */ = {isa = PBXBuildFile; fileRef = E0071793298F07930098DD53 /* InitsAndEnumdemo.swift */; };
		E0071796298F0C6D0098DD53 /* ScrollViewdemo.swift in Sources */ = {isa = PBXBuildFile; fileRef = E0071795298F0C6D0098DD53 /* ScrollViewdemo.swift */; };
		E0071798298F118B0098DD53 /* LazyVGriddemo.swift in Sources */ = {isa = PBXBuildFile; fileRef = E0071797298F118B0098DD53 /* LazyVGriddemo.swift */; };
		E007179A298F3C5D0098DD53 /* SafeAreademo.swift in Sources */ = {isa = PBXBuildFile; fileRef = E0071799298F3C5D0098DD53 /* SafeAreademo.swift */; };
		E007179C298F418C0098DD53 /* Buttonsdemo.swift in Sources */ = {isa = PBXBuildFile; fileRef = E007179B298F418C0098DD53 /* Buttonsdemo.swift */; };
		E007179E298F53E10098DD53 /* StatePropertyWrapper.swift in Sources */ = {isa = PBXBuildFile; fileRef = E007179D298F53E10098DD53 /* StatePropertyWrapper.swift */; };
		E00717A0298F56A00098DD53 /* ExtractingFunctionsAndViews.swift in Sources */ = {isa = PBXBuildFile; fileRef = E007179F298F56A00098DD53 /* ExtractingFunctionsAndViews.swift */; };
		E00717A2298F59EE0098DD53 /* ExtractingSubViews.swift in Sources */ = {isa = PBXBuildFile; fileRef = E00717A1298F59EE0098DD53 /* ExtractingSubViews.swift */; };
		E00717A4298F5C930098DD53 /* BindingPropertyWrapper.swift in Sources */ = {isa = PBXBuildFile; fileRef = E00717A3298F5C930098DD53 /* BindingPropertyWrapper.swift */; };
		E00717A6298F60220098DD53 /* ConditionalStatements.swift in Sources */ = {isa = PBXBuildFile; fileRef = E00717A5298F60220098DD53 /* ConditionalStatements.swift */; };
		E00717A8298F630B0098DD53 /* TernaryOperators.swift in Sources */ = {isa = PBXBuildFile; fileRef = E00717A7298F630B0098DD53 /* TernaryOperators.swift */; };
		E00717AA298F65420098DD53 /* AnimationsDemo.swift in Sources */ = {isa = PBXBuildFile; fileRef = E00717A9298F65420098DD53 /* AnimationsDemo.swift */; };
		E00717AC298F6A450098DD53 /* AnimationTiming.swift in Sources */ = {isa = PBXBuildFile; fileRef = E00717AB298F6A450098DD53 /* AnimationTiming.swift */; };
		E00717AE298F6CE60098DD53 /* AnimationTransition.swift in Sources */ = {isa = PBXBuildFile; fileRef = E00717AD298F6CE60098DD53 /* AnimationTransition.swift */; };
		E00717B0298F76970098DD53 /* SheetsAndFullScreenCover.swift in Sources */ = {isa = PBXBuildFile; fileRef = E00717AF298F76970098DD53 /* SheetsAndFullScreenCover.swift */; };
		E00717B2298F7A970098DD53 /* SheetVSTransitionVSAnimation.swift in Sources */ = {isa = PBXBuildFile; fileRef = E00717B1298F7A970098DD53 /* SheetVSTransitionVSAnimation.swift */; };
		E00717B4298F86550098DD53 /* NavigationViewAndLink.swift in Sources */ = {isa = PBXBuildFile; fileRef = E00717B3298F86550098DD53 /* NavigationViewAndLink.swift */; };
		E00717B6298F98A10098DD53 /* LIsts.swift in Sources */ = {isa = PBXBuildFile; fileRef = E00717B5298F98A10098DD53 /* LIsts.swift */; };
		E00717B8299021580098DD53 /* Alerts.swift in Sources */ = {isa = PBXBuildFile; fileRef = E00717B7299021580098DD53 /* Alerts.swift */; };
		E00717BA29902BBE0098DD53 /* ActionSheets.swift in Sources */ = {isa = PBXBuildFile; fileRef = E00717B929902BBE0098DD53 /* ActionSheets.swift */; };
		E00717BC29903A830098DD53 /* ContextMenus.swift in Sources */ = {isa = PBXBuildFile; fileRef = E00717BB29903A830098DD53 /* ContextMenus.swift */; };
		E00717BE29903E1F0098DD53 /* TextFields.swift in Sources */ = {isa = PBXBuildFile; fileRef = E00717BD29903E1F0098DD53 /* TextFields.swift */; };
		E00717C0299044DC0098DD53 /* TextEditors.swift in Sources */ = {isa = PBXBuildFile; fileRef = E00717BF299044DC0098DD53 /* TextEditors.swift */; };
		E00717C22990712C0098DD53 /* Toggles.swift in Sources */ = {isa = PBXBuildFile; fileRef = E00717C12990712C0098DD53 /* Toggles.swift */; };
		E00717C42990738A0098DD53 /* Pickers.swift in Sources */ = {isa = PBXBuildFile; fileRef = E00717C32990738A0098DD53 /* Pickers.swift */; };
		E00717C6299097C00098DD53 /* Steppers.swift in Sources */ = {isa = PBXBuildFile; fileRef = E00717C5299097C00098DD53 /* Steppers.swift */; };
		E00717C829909C750098DD53 /* Sliders.swift in Sources */ = {isa = PBXBuildFile; fileRef = E00717C729909C750098DD53 /* Sliders.swift */; };
		E00717CA2990A6390098DD53 /* TabViews.swift in Sources */ = {isa = PBXBuildFile; fileRef = E00717C92990A6390098DD53 /* TabViews.swift */; };
		E00717CC2990BAFF0098DD53 /* DarkMode.swift in Sources */ = {isa = PBXBuildFile; fileRef = E00717CB2990BAFF0098DD53 /* DarkMode.swift */; };
		E00717CE2990D6290098DD53 /* OnAppearOnDisappear.swift in Sources */ = {isa = PBXBuildFile; fileRef = E00717CD2990D6290098DD53 /* OnAppearOnDisappear.swift */; };
		E00717D02990D7C40098DD53 /* OnTapGesture.swift in Sources */ = {isa = PBXBuildFile; fileRef = E00717CF2990D7C40098DD53 /* OnTapGesture.swift */; };
		E00717D22990DAE50098DD53 /* AsyncImages.swift in Sources */ = {isa = PBXBuildFile; fileRef = E00717D12990DAE50098DD53 /* AsyncImages.swift */; };
		E00717D42990DEA90098DD53 /* BackgroundMaterials.swift in Sources */ = {isa = PBXBuildFile; fileRef = E00717D32990DEA90098DD53 /* BackgroundMaterials.swift */; };
		E00717D62990E05E0098DD53 /* SelectingText.swift in Sources */ = {isa = PBXBuildFile; fileRef = E00717D52990E05E0098DD53 /* SelectingText.swift */; };
		E00717D82990E0EF0098DD53 /* ButtonStylesControlSize.swift in Sources */ = {isa = PBXBuildFile; fileRef = E00717D72990E0EF0098DD53 /* ButtonStylesControlSize.swift */; };
		E00717DA2990E7760098DD53 /* SwipeActionsOnListItems.swift in Sources */ = {isa = PBXBuildFile; fileRef = E00717D92990E7760098DD53 /* SwipeActionsOnListItems.swift */; };
		E00717DC299197D60098DD53 /* Badges.swift in Sources */ = {isa = PBXBuildFile; fileRef = E00717DB299197D60098DD53 /* Badges.swift */; };
		E00717DE29919A790098DD53 /* FocusStates.swift in Sources */ = {isa = PBXBuildFile; fileRef = E00717DD29919A790098DD53 /* FocusStates.swift */; };
		E00718CF2992F59B0098DD53 /* UnitTests.swift in Sources */ = {isa = PBXBuildFile; fileRef = E00718CE2992F59B0098DD53 /* UnitTests.swift */; };
		E00718D12992FB6D0098DD53 /* JSONDecoderdemo.swift in Sources */ = {isa = PBXBuildFile; fileRef = E00718D02992FB6D0098DD53 /* JSONDecoderdemo.swift */; };
		E0DC2D1A298989FB002CC185 /* AppDelegate.swift in Sources */ = {isa = PBXBuildFile; fileRef = E0DC2D19298989FB002CC185 /* AppDelegate.swift */; };
		E0DC2D1C298989FB002CC185 /* SceneDelegate.swift in Sources */ = {isa = PBXBuildFile; fileRef = E0DC2D1B298989FB002CC185 /* SceneDelegate.swift */; };
		E0DC2D1E298989FB002CC185 /* ViewController.swift in Sources */ = {isa = PBXBuildFile; fileRef = E0DC2D1D298989FB002CC185 /* ViewController.swift */; };
		E0DC2D21298989FB002CC185 /* Main.storyboard in Resources */ = {isa = PBXBuildFile; fileRef = E0DC2D1F298989FB002CC185 /* Main.storyboard */; };
		E0DC2D23298989FD002CC185 /* Assets.xcassets in Resources */ = {isa = PBXBuildFile; fileRef = E0DC2D22298989FD002CC185 /* Assets.xcassets */; };
		E0DC2D26298989FD002CC185 /* LaunchScreen.storyboard in Resources */ = {isa = PBXBuildFile; fileRef = E0DC2D24298989FD002CC185 /* LaunchScreen.storyboard */; };
		E0DC2D2F29898BA7002CC185 /* StructsAndClassesAndActors.md in Resources */ = {isa = PBXBuildFile; fileRef = E0DC2D2E29898BA7002CC185 /* StructsAndClassesAndActors.md */; };
		E0DC2D332989A009002CC185 /* Enumeration.md in Resources */ = {isa = PBXBuildFile; fileRef = E0DC2D322989A009002CC185 /* Enumeration.md */; };
/* End PBXBuildFile section */

/* Begin PBXFileReference section */
		5C12BB452C1E6A000051161F /* IQ_Accessibility_Data.md */ = {isa = PBXFileReference; lastKnownFileType = net.daringfireball.markdown; path = IQ_Accessibility_Data.md; sourceTree = "<group>"; };
		5C12BB462C1E94100051161F /* IQ_DesignPattern_iOSFramework.md */ = {isa = PBXFileReference; lastKnownFileType = net.daringfireball.markdown; path = IQ_DesignPattern_iOSFramework.md; sourceTree = "<group>"; };
		5C12BB472C1EC1CA0051161F /* IQ_ Performance_Security.md */ = {isa = PBXFileReference; lastKnownFileType = net.daringfireball.markdown; path = "IQ_ Performance_Security.md"; sourceTree = "<group>"; };
		5C12BB482C1F64E90051161F /* IQ_Swift.md */ = {isa = PBXFileReference; lastKnownFileType = net.daringfireball.markdown; path = IQ_Swift.md; sourceTree = "<group>"; };
		5C12BBBC2C3ADB3D0051161F /* IQ_UIKit.md */ = {isa = PBXFileReference; lastKnownFileType = net.daringfireball.markdown; path = IQ_UIKit.md; sourceTree = "<group>"; };
		5C8DFA40299F43BA00455385 /* Continuations.swift */ = {isa = PBXFileReference; lastKnownFileType = sourcecode.swift; path = Continuations.swift; sourceTree = "<group>"; };
		5C8DFA42299FEAE700455385 /* Actors.swift */ = {isa = PBXFileReference; lastKnownFileType = sourcecode.swift; path = Actors.swift; sourceTree = "<group>"; };
		5C8DFA4429A00BBE00455385 /* GlobalActors.swift */ = {isa = PBXFileReference; lastKnownFileType = sourcecode.swift; path = GlobalActors.swift; sourceTree = "<group>"; };
		5C8DFA4629A0153400455385 /* Sendables.swift */ = {isa = PBXFileReference; lastKnownFileType = sourcecode.swift; path = Sendables.swift; sourceTree = "<group>"; };
		5C8DFA4829A0322200455385 /* AsyncPublishers.swift */ = {isa = PBXFileReference; lastKnownFileType = sourcecode.swift; path = AsyncPublishers.swift; sourceTree = "<group>"; };
		5C8DFA4B29A03EEA00455385 /* CustomViewModifier.swift */ = {isa = PBXFileReference; lastKnownFileType = sourcecode.swift; path = CustomViewModifier.swift; sourceTree = "<group>"; };
		5C8DFA4D29A0517F00455385 /* CustomButtonStyles.swift */ = {isa = PBXFileReference; lastKnownFileType = sourcecode.swift; path = CustomButtonStyles.swift; sourceTree = "<group>"; };
		5C8DFA4F29A058B100455385 /* CustomAnyTransitions.swift */ = {isa = PBXFileReference; lastKnownFileType = sourcecode.swift; path = CustomAnyTransitions.swift; sourceTree = "<group>"; };
		5CA05A5B299C3BAD00729FE7 /* GeometryReaders.swift */ = {isa = PBXFileReference; lastKnownFileType = sourcecode.swift; path = GeometryReaders.swift; sourceTree = "<group>"; };
		5CA05A68299EAD2100729FE7 /* Tasks.swift */ = {isa = PBXFileReference; lastKnownFileType = sourcecode.swift; path = Tasks.swift; sourceTree = "<group>"; };
		5CA05A6A299EEE1700729FE7 /* AsyncLet.swift */ = {isa = PBXFileReference; lastKnownFileType = sourcecode.swift; path = AsyncLet.swift; sourceTree = "<group>"; };
		5CA05A6C299F1CF300729FE7 /* TaskGroups.swift */ = {isa = PBXFileReference; lastKnownFileType = sourcecode.swift; path = TaskGroups.swift; sourceTree = "<group>"; };
		E007176F298AE45A0098DD53 /* Extensions.md */ = {isa = PBXFileReference; lastKnownFileType = net.daringfireball.markdown; path = Extensions.md; sourceTree = "<group>"; };
		E0071773298C202C0098DD53 /* DoTryCatch.swift */ = {isa = PBXFileReference; lastKnownFileType = sourcecode.swift; path = DoTryCatch.swift; sourceTree = "<group>"; };
		E0071775298C24B20098DD53 /* Shortcuts.md */ = {isa = PBXFileReference; lastKnownFileType = net.daringfireball.markdown; path = Shortcuts.md; sourceTree = "<group>"; };
		E0071776298C2BC80098DD53 /* DownLoadImageAsync.swift */ = {isa = PBXFileReference; lastKnownFileType = sourcecode.swift; path = DownLoadImageAsync.swift; sourceTree = "<group>"; };
		E0071778298C3D780098DD53 /* AsyncAwait.swift */ = {isa = PBXFileReference; lastKnownFileType = sourcecode.swift; path = AsyncAwait.swift; sourceTree = "<group>"; };
		E007177D298ECB780098DD53 /* Textdemo.swift */ = {isa = PBXFileReference; lastKnownFileType = sourcecode.swift; path = Textdemo.swift; sourceTree = "<group>"; };
		E007177F298ED0160098DD53 /* Shapesdemo.swift */ = {isa = PBXFileReference; lastKnownFileType = sourcecode.swift; path = Shapesdemo.swift; sourceTree = "<group>"; };
		E0071781298ED2A40098DD53 /* Colordemo.swift */ = {isa = PBXFileReference; lastKnownFileType = sourcecode.swift; path = Colordemo.swift; sourceTree = "<group>"; };
		E0071783298ED7ED0098DD53 /* Gradientdemo.swift */ = {isa = PBXFileReference; lastKnownFileType = sourcecode.swift; path = Gradientdemo.swift; sourceTree = "<group>"; };
		E0071785298EDFEF0098DD53 /* SystemIconsdemo.swift */ = {isa = PBXFileReference; lastKnownFileType = sourcecode.swift; path = SystemIconsdemo.swift; sourceTree = "<group>"; };
		E0071787298EE21B0098DD53 /* Imagesdemo.swift */ = {isa = PBXFileReference; lastKnownFileType = sourcecode.swift; path = Imagesdemo.swift; sourceTree = "<group>"; };
		E0071789298EE4CC0098DD53 /* Framedemo.swift */ = {isa = PBXFileReference; lastKnownFileType = sourcecode.swift; path = Framedemo.swift; sourceTree = "<group>"; };
		E007178B298EE81B0098DD53 /* BackgroundAndOverlaydemo.swift */ = {isa = PBXFileReference; lastKnownFileType = sourcecode.swift; path = BackgroundAndOverlaydemo.swift; sourceTree = "<group>"; };
		E007178D298EF2F60098DD53 /* VHZStacksdemo.swift */ = {isa = PBXFileReference; lastKnownFileType = sourcecode.swift; path = VHZStacksdemo.swift; sourceTree = "<group>"; };
		E007178F298EF6D80098DD53 /* Paddingdemo.swift */ = {isa = PBXFileReference; lastKnownFileType = sourcecode.swift; path = Paddingdemo.swift; sourceTree = "<group>"; };
		E0071791298EFC870098DD53 /* Spacerdemo.swift */ = {isa = PBXFileReference; lastKnownFileType = sourcecode.swift; path = Spacerdemo.swift; sourceTree = "<group>"; };
		E0071793298F07930098DD53 /* InitsAndEnumdemo.swift */ = {isa = PBXFileReference; lastKnownFileType = sourcecode.swift; path = InitsAndEnumdemo.swift; sourceTree = "<group>"; };
		E0071795298F0C6D0098DD53 /* ScrollViewdemo.swift */ = {isa = PBXFileReference; lastKnownFileType = sourcecode.swift; path = ScrollViewdemo.swift; sourceTree = "<group>"; };
		E0071797298F118B0098DD53 /* LazyVGriddemo.swift */ = {isa = PBXFileReference; lastKnownFileType = sourcecode.swift; path = LazyVGriddemo.swift; sourceTree = "<group>"; };
		E0071799298F3C5D0098DD53 /* SafeAreademo.swift */ = {isa = PBXFileReference; lastKnownFileType = sourcecode.swift; path = SafeAreademo.swift; sourceTree = "<group>"; };
		E007179B298F418C0098DD53 /* Buttonsdemo.swift */ = {isa = PBXFileReference; lastKnownFileType = sourcecode.swift; path = Buttonsdemo.swift; sourceTree = "<group>"; };
		E007179D298F53E10098DD53 /* StatePropertyWrapper.swift */ = {isa = PBXFileReference; lastKnownFileType = sourcecode.swift; path = StatePropertyWrapper.swift; sourceTree = "<group>"; };
		E007179F298F56A00098DD53 /* ExtractingFunctionsAndViews.swift */ = {isa = PBXFileReference; lastKnownFileType = sourcecode.swift; path = ExtractingFunctionsAndViews.swift; sourceTree = "<group>"; };
		E00717A1298F59EE0098DD53 /* ExtractingSubViews.swift */ = {isa = PBXFileReference; lastKnownFileType = sourcecode.swift; path = ExtractingSubViews.swift; sourceTree = "<group>"; };
		E00717A3298F5C930098DD53 /* BindingPropertyWrapper.swift */ = {isa = PBXFileReference; lastKnownFileType = sourcecode.swift; path = BindingPropertyWrapper.swift; sourceTree = "<group>"; };
		E00717A5298F60220098DD53 /* ConditionalStatements.swift */ = {isa = PBXFileReference; lastKnownFileType = sourcecode.swift; path = ConditionalStatements.swift; sourceTree = "<group>"; };
		E00717A7298F630B0098DD53 /* TernaryOperators.swift */ = {isa = PBXFileReference; lastKnownFileType = sourcecode.swift; path = TernaryOperators.swift; sourceTree = "<group>"; };
		E00717A9298F65420098DD53 /* AnimationsDemo.swift */ = {isa = PBXFileReference; lastKnownFileType = sourcecode.swift; path = AnimationsDemo.swift; sourceTree = "<group>"; };
		E00717AB298F6A450098DD53 /* AnimationTiming.swift */ = {isa = PBXFileReference; lastKnownFileType = sourcecode.swift; path = AnimationTiming.swift; sourceTree = "<group>"; };
		E00717AD298F6CE60098DD53 /* AnimationTransition.swift */ = {isa = PBXFileReference; lastKnownFileType = sourcecode.swift; path = AnimationTransition.swift; sourceTree = "<group>"; };
		E00717AF298F76970098DD53 /* SheetsAndFullScreenCover.swift */ = {isa = PBXFileReference; lastKnownFileType = sourcecode.swift; path = SheetsAndFullScreenCover.swift; sourceTree = "<group>"; };
		E00717B1298F7A970098DD53 /* SheetVSTransitionVSAnimation.swift */ = {isa = PBXFileReference; lastKnownFileType = sourcecode.swift; path = SheetVSTransitionVSAnimation.swift; sourceTree = "<group>"; };
		E00717B3298F86550098DD53 /* NavigationViewAndLink.swift */ = {isa = PBXFileReference; lastKnownFileType = sourcecode.swift; path = NavigationViewAndLink.swift; sourceTree = "<group>"; };
		E00717B5298F98A10098DD53 /* LIsts.swift */ = {isa = PBXFileReference; lastKnownFileType = sourcecode.swift; path = LIsts.swift; sourceTree = "<group>"; };
		E00717B7299021580098DD53 /* Alerts.swift */ = {isa = PBXFileReference; lastKnownFileType = sourcecode.swift; path = Alerts.swift; sourceTree = "<group>"; };
		E00717B929902BBE0098DD53 /* ActionSheets.swift */ = {isa = PBXFileReference; lastKnownFileType = sourcecode.swift; path = ActionSheets.swift; sourceTree = "<group>"; };
		E00717BB29903A830098DD53 /* ContextMenus.swift */ = {isa = PBXFileReference; lastKnownFileType = sourcecode.swift; path = ContextMenus.swift; sourceTree = "<group>"; };
		E00717BD29903E1F0098DD53 /* TextFields.swift */ = {isa = PBXFileReference; lastKnownFileType = sourcecode.swift; path = TextFields.swift; sourceTree = "<group>"; };
		E00717BF299044DC0098DD53 /* TextEditors.swift */ = {isa = PBXFileReference; lastKnownFileType = sourcecode.swift; path = TextEditors.swift; sourceTree = "<group>"; };
		E00717C12990712C0098DD53 /* Toggles.swift */ = {isa = PBXFileReference; lastKnownFileType = sourcecode.swift; path = Toggles.swift; sourceTree = "<group>"; };
		E00717C32990738A0098DD53 /* Pickers.swift */ = {isa = PBXFileReference; lastKnownFileType = sourcecode.swift; path = Pickers.swift; sourceTree = "<group>"; };
		E00717C5299097C00098DD53 /* Steppers.swift */ = {isa = PBXFileReference; lastKnownFileType = sourcecode.swift; path = Steppers.swift; sourceTree = "<group>"; };
		E00717C729909C750098DD53 /* Sliders.swift */ = {isa = PBXFileReference; lastKnownFileType = sourcecode.swift; path = Sliders.swift; sourceTree = "<group>"; };
		E00717C92990A6390098DD53 /* TabViews.swift */ = {isa = PBXFileReference; lastKnownFileType = sourcecode.swift; path = TabViews.swift; sourceTree = "<group>"; };
		E00717CB2990BAFF0098DD53 /* DarkMode.swift */ = {isa = PBXFileReference; lastKnownFileType = sourcecode.swift; path = DarkMode.swift; sourceTree = "<group>"; };
		E00717CD2990D6290098DD53 /* OnAppearOnDisappear.swift */ = {isa = PBXFileReference; lastKnownFileType = sourcecode.swift; path = OnAppearOnDisappear.swift; sourceTree = "<group>"; };
		E00717CF2990D7C40098DD53 /* OnTapGesture.swift */ = {isa = PBXFileReference; lastKnownFileType = sourcecode.swift; path = OnTapGesture.swift; sourceTree = "<group>"; };
		E00717D12990DAE50098DD53 /* AsyncImages.swift */ = {isa = PBXFileReference; lastKnownFileType = sourcecode.swift; path = AsyncImages.swift; sourceTree = "<group>"; };
		E00717D32990DEA90098DD53 /* BackgroundMaterials.swift */ = {isa = PBXFileReference; lastKnownFileType = sourcecode.swift; path = BackgroundMaterials.swift; sourceTree = "<group>"; };
		E00717D52990E05E0098DD53 /* SelectingText.swift */ = {isa = PBXFileReference; lastKnownFileType = sourcecode.swift; path = SelectingText.swift; sourceTree = "<group>"; };
		E00717D72990E0EF0098DD53 /* ButtonStylesControlSize.swift */ = {isa = PBXFileReference; lastKnownFileType = sourcecode.swift; path = ButtonStylesControlSize.swift; sourceTree = "<group>"; };
		E00717D92990E7760098DD53 /* SwipeActionsOnListItems.swift */ = {isa = PBXFileReference; lastKnownFileType = sourcecode.swift; path = SwipeActionsOnListItems.swift; sourceTree = "<group>"; };
		E00717DB299197D60098DD53 /* Badges.swift */ = {isa = PBXFileReference; lastKnownFileType = sourcecode.swift; path = Badges.swift; sourceTree = "<group>"; };
		E00717DD29919A790098DD53 /* FocusStates.swift */ = {isa = PBXFileReference; lastKnownFileType = sourcecode.swift; path = FocusStates.swift; sourceTree = "<group>"; };
		E00718CE2992F59B0098DD53 /* UnitTests.swift */ = {isa = PBXFileReference; lastKnownFileType = sourcecode.swift; path = UnitTests.swift; sourceTree = "<group>"; };
		E00718D02992FB6D0098DD53 /* JSONDecoderdemo.swift */ = {isa = PBXFileReference; lastKnownFileType = sourcecode.swift; path = JSONDecoderdemo.swift; sourceTree = "<group>"; };
		E0DC2D16298989FB002CC185 /* Everything_Swift.app */ = {isa = PBXFileReference; explicitFileType = wrapper.application; includeInIndex = 0; path = Everything_Swift.app; sourceTree = BUILT_PRODUCTS_DIR; };
		E0DC2D19298989FB002CC185 /* AppDelegate.swift */ = {isa = PBXFileReference; lastKnownFileType = sourcecode.swift; path = AppDelegate.swift; sourceTree = "<group>"; };
		E0DC2D1B298989FB002CC185 /* SceneDelegate.swift */ = {isa = PBXFileReference; lastKnownFileType = sourcecode.swift; path = SceneDelegate.swift; sourceTree = "<group>"; };
		E0DC2D1D298989FB002CC185 /* ViewController.swift */ = {isa = PBXFileReference; lastKnownFileType = sourcecode.swift; path = ViewController.swift; sourceTree = "<group>"; };
		E0DC2D20298989FB002CC185 /* Base */ = {isa = PBXFileReference; lastKnownFileType = file.storyboard; name = Base; path = Base.lproj/Main.storyboard; sourceTree = "<group>"; };
		E0DC2D22298989FD002CC185 /* Assets.xcassets */ = {isa = PBXFileReference; lastKnownFileType = folder.assetcatalog; path = Assets.xcassets; sourceTree = "<group>"; };
		E0DC2D25298989FD002CC185 /* Base */ = {isa = PBXFileReference; lastKnownFileType = file.storyboard; name = Base; path = Base.lproj/LaunchScreen.storyboard; sourceTree = "<group>"; };
		E0DC2D27298989FD002CC185 /* Info.plist */ = {isa = PBXFileReference; lastKnownFileType = text.plist.xml; path = Info.plist; sourceTree = "<group>"; };
		E0DC2D2E29898BA7002CC185 /* StructsAndClassesAndActors.md */ = {isa = PBXFileReference; lastKnownFileType = net.daringfireball.markdown; path = StructsAndClassesAndActors.md; sourceTree = "<group>"; };
		E0DC2D322989A009002CC185 /* Enumeration.md */ = {isa = PBXFileReference; lastKnownFileType = net.daringfireball.markdown; path = Enumeration.md; sourceTree = "<group>"; };
		E0DC2D342989A865002CC185 /* Closures.md */ = {isa = PBXFileReference; lastKnownFileType = net.daringfireball.markdown; path = Closures.md; sourceTree = "<group>"; };
/* End PBXFileReference section */

/* Begin PBXFrameworksBuildPhase section */
		E0DC2D13298989FB002CC185 /* Frameworks */ = {
			isa = PBXFrameworksBuildPhase;
			buildActionMask = 2147483647;
			files = (
			);
			runOnlyForDeploymentPostprocessing = 0;
		};
/* End PBXFrameworksBuildPhase section */

/* Begin PBXGroup section */
		5C8DFA4A29A03D9400455385 /* Master */ = {
			isa = PBXGroup;
			children = (
				5C8DFA4B29A03EEA00455385 /* CustomViewModifier.swift */,
				5C8DFA4D29A0517F00455385 /* CustomButtonStyles.swift */,
				5C8DFA4F29A058B100455385 /* CustomAnyTransitions.swift */,
			);
			path = Master;
			sourceTree = "<group>";
		};
		5CA05A5A299C3B8C00729FE7 /* Intermediate */ = {
			isa = PBXGroup;
			children = (
				5CA05A5B299C3BAD00729FE7 /* GeometryReaders.swift */,
			);
			path = Intermediate;
			sourceTree = "<group>";
		};
		E0071771298C1FC30098DD53 /* Practice */ = {
			isa = PBXGroup;
			children = (
				5C8DFA4A29A03D9400455385 /* Master */,
				5CA05A5A299C3B8C00729FE7 /* Intermediate */,
				E007177A298ECABA0098DD53 /* Beginner */,
				E0071772298C1FD40098DD53 /* Concurrency */,
			);
			path = Practice;
			sourceTree = "<group>";
		};
		E0071772298C1FD40098DD53 /* Concurrency */ = {
			isa = PBXGroup;
			children = (
				E0071773298C202C0098DD53 /* DoTryCatch.swift */,
				E0071776298C2BC80098DD53 /* DownLoadImageAsync.swift */,
				E0071778298C3D780098DD53 /* AsyncAwait.swift */,
				5CA05A68299EAD2100729FE7 /* Tasks.swift */,
				5CA05A6A299EEE1700729FE7 /* AsyncLet.swift */,
				5CA05A6C299F1CF300729FE7 /* TaskGroups.swift */,
				5C8DFA40299F43BA00455385 /* Continuations.swift */,
				5C8DFA42299FEAE700455385 /* Actors.swift */,
				5C8DFA4429A00BBE00455385 /* GlobalActors.swift */,
				5C8DFA4629A0153400455385 /* Sendables.swift */,
				5C8DFA4829A0322200455385 /* AsyncPublishers.swift */,
			);
			path = Concurrency;
			sourceTree = "<group>";
		};
		E007177A298ECABA0098DD53 /* Beginner */ = {
			isa = PBXGroup;
			children = (
				E007177D298ECB780098DD53 /* Textdemo.swift */,
				E007177F298ED0160098DD53 /* Shapesdemo.swift */,
				E0071781298ED2A40098DD53 /* Colordemo.swift */,
				E0071783298ED7ED0098DD53 /* Gradientdemo.swift */,
				E0071785298EDFEF0098DD53 /* SystemIconsdemo.swift */,
				E0071787298EE21B0098DD53 /* Imagesdemo.swift */,
				E0071789298EE4CC0098DD53 /* Framedemo.swift */,
				E007178B298EE81B0098DD53 /* BackgroundAndOverlaydemo.swift */,
				E007178D298EF2F60098DD53 /* VHZStacksdemo.swift */,
				E007178F298EF6D80098DD53 /* Paddingdemo.swift */,
				E0071791298EFC870098DD53 /* Spacerdemo.swift */,
				E0071793298F07930098DD53 /* InitsAndEnumdemo.swift */,
				E0071795298F0C6D0098DD53 /* ScrollViewdemo.swift */,
				E0071797298F118B0098DD53 /* LazyVGriddemo.swift */,
				E0071799298F3C5D0098DD53 /* SafeAreademo.swift */,
				E007179B298F418C0098DD53 /* Buttonsdemo.swift */,
				E00717C12990712C0098DD53 /* Toggles.swift */,
				E007179D298F53E10098DD53 /* StatePropertyWrapper.swift */,
				E00717BD29903E1F0098DD53 /* TextFields.swift */,
				E007179F298F56A00098DD53 /* ExtractingFunctionsAndViews.swift */,
				E00717A1298F59EE0098DD53 /* ExtractingSubViews.swift */,
				E00717A3298F5C930098DD53 /* BindingPropertyWrapper.swift */,
				E00717BB29903A830098DD53 /* ContextMenus.swift */,
				E00717A5298F60220098DD53 /* ConditionalStatements.swift */,
				E00717A7298F630B0098DD53 /* TernaryOperators.swift */,
				E00717A9298F65420098DD53 /* AnimationsDemo.swift */,
				E00717AB298F6A450098DD53 /* AnimationTiming.swift */,
				E00717AD298F6CE60098DD53 /* AnimationTransition.swift */,
				E00717AF298F76970098DD53 /* SheetsAndFullScreenCover.swift */,
				E00717B1298F7A970098DD53 /* SheetVSTransitionVSAnimation.swift */,
				E00717B3298F86550098DD53 /* NavigationViewAndLink.swift */,
				E00717B5298F98A10098DD53 /* LIsts.swift */,
				E00717B7299021580098DD53 /* Alerts.swift */,
				E00717B929902BBE0098DD53 /* ActionSheets.swift */,
				E00717BF299044DC0098DD53 /* TextEditors.swift */,
				E00717C32990738A0098DD53 /* Pickers.swift */,
				E00717C5299097C00098DD53 /* Steppers.swift */,
				E00717C729909C750098DD53 /* Sliders.swift */,
				E00717C92990A6390098DD53 /* TabViews.swift */,
				E00717CB2990BAFF0098DD53 /* DarkMode.swift */,
				E00717CD2990D6290098DD53 /* OnAppearOnDisappear.swift */,
				E00717CF2990D7C40098DD53 /* OnTapGesture.swift */,
				E00717D12990DAE50098DD53 /* AsyncImages.swift */,
				E00717D32990DEA90098DD53 /* BackgroundMaterials.swift */,
				E00717D52990E05E0098DD53 /* SelectingText.swift */,
				E00717D72990E0EF0098DD53 /* ButtonStylesControlSize.swift */,
				E00717D92990E7760098DD53 /* SwipeActionsOnListItems.swift */,
				E00717DB299197D60098DD53 /* Badges.swift */,
				E00717DD29919A790098DD53 /* FocusStates.swift */,
				E00718CE2992F59B0098DD53 /* UnitTests.swift */,
				E00718D02992FB6D0098DD53 /* JSONDecoderdemo.swift */,
			);
			path = Beginner;
			sourceTree = "<group>";
		};
		E0DC2D0D298989FB002CC185 = {
			isa = PBXGroup;
			children = (
				E0DC2D18298989FB002CC185 /* Everything_Swift */,
				E0DC2D17298989FB002CC185 /* Products */,
			);
			sourceTree = "<group>";
		};
		E0DC2D17298989FB002CC185 /* Products */ = {
			isa = PBXGroup;
			children = (
				E0DC2D16298989FB002CC185 /* Everything_Swift.app */,
			);
			name = Products;
			sourceTree = "<group>";
		};
		E0DC2D18298989FB002CC185 /* Everything_Swift */ = {
			isa = PBXGroup;
			children = (
				E0071771298C1FC30098DD53 /* Practice */,
				E0DC2D2D29898A0F002CC185 /* Wiki */,
				E0DC2D19298989FB002CC185 /* AppDelegate.swift */,
				E0DC2D1B298989FB002CC185 /* SceneDelegate.swift */,
				E0DC2D1D298989FB002CC185 /* ViewController.swift */,
				E0DC2D1F298989FB002CC185 /* Main.storyboard */,
				E0DC2D22298989FD002CC185 /* Assets.xcassets */,
				E0DC2D24298989FD002CC185 /* LaunchScreen.storyboard */,
				E0DC2D27298989FD002CC185 /* Info.plist */,
			);
			path = Everything_Swift;
			sourceTree = "<group>";
		};
		E0DC2D2D29898A0F002CC185 /* Wiki */ = {
			isa = PBXGroup;
			children = (
				E0DC2D2E29898BA7002CC185 /* StructsAndClassesAndActors.md */,
				E0DC2D322989A009002CC185 /* Enumeration.md */,
				E0DC2D342989A865002CC185 /* Closures.md */,
				E007176F298AE45A0098DD53 /* Extensions.md */,
				E0071775298C24B20098DD53 /* Shortcuts.md */,
				5C12BB452C1E6A000051161F /* IQ_Accessibility_Data.md */,
				5C12BB462C1E94100051161F /* IQ_DesignPattern_iOSFramework.md */,
				5C12BB472C1EC1CA0051161F /* IQ_ Performance_Security.md */,
				5C12BB482C1F64E90051161F /* IQ_Swift.md */,
				5C12BBBC2C3ADB3D0051161F /* IQ_UIKit.md */,
			);
			path = Wiki;
			sourceTree = "<group>";
		};
/* End PBXGroup section */

/* Begin PBXNativeTarget section */
		E0DC2D15298989FB002CC185 /* Everything_Swift */ = {
			isa = PBXNativeTarget;
			buildConfigurationList = E0DC2D2A298989FD002CC185 /* Build configuration list for PBXNativeTarget "Everything_Swift" */;
			buildPhases = (
				E0DC2D12298989FB002CC185 /* Sources */,
				E0DC2D13298989FB002CC185 /* Frameworks */,
				E0DC2D14298989FB002CC185 /* Resources */,
			);
			buildRules = (
			);
			dependencies = (
			);
			name = Everything_Swift;
			productName = Everything_Swift;
			productReference = E0DC2D16298989FB002CC185 /* Everything_Swift.app */;
			productType = "com.apple.product-type.application";
		};
/* End PBXNativeTarget section */

/* Begin PBXProject section */
		E0DC2D0E298989FB002CC185 /* Project object */ = {
			isa = PBXProject;
			attributes = {
				BuildIndependentTargetsInParallel = 1;
				LastSwiftUpdateCheck = 1420;
				LastUpgradeCheck = 1420;
				TargetAttributes = {
					E0DC2D15298989FB002CC185 = {
						CreatedOnToolsVersion = 14.2;
					};
				};
			};
			buildConfigurationList = E0DC2D11298989FB002CC185 /* Build configuration list for PBXProject "Everything_Swift" */;
			compatibilityVersion = "Xcode 14.0";
			developmentRegion = en;
			hasScannedForEncodings = 0;
			knownRegions = (
				en,
				Base,
			);
			mainGroup = E0DC2D0D298989FB002CC185;
			productRefGroup = E0DC2D17298989FB002CC185 /* Products */;
			projectDirPath = "";
			projectRoot = "";
			targets = (
				E0DC2D15298989FB002CC185 /* Everything_Swift */,
			);
		};
/* End PBXProject section */

/* Begin PBXResourcesBuildPhase section */
		E0DC2D14298989FB002CC185 /* Resources */ = {
			isa = PBXResourcesBuildPhase;
			buildActionMask = 2147483647;
			files = (
				E0071770298AE45A0098DD53 /* Extensions.md in Resources */,
				E0DC2D26298989FD002CC185 /* LaunchScreen.storyboard in Resources */,
				E0DC2D23298989FD002CC185 /* Assets.xcassets in Resources */,
				E0DC2D332989A009002CC185 /* Enumeration.md in Resources */,
				E0DC2D2F29898BA7002CC185 /* StructsAndClassesAndActors.md in Resources */,
				E0DC2D21298989FB002CC185 /* Main.storyboard in Resources */,
			);
			runOnlyForDeploymentPostprocessing = 0;
		};
/* End PBXResourcesBuildPhase section */

/* Begin PBXSourcesBuildPhase section */
		E0DC2D12298989FB002CC185 /* Sources */ = {
			isa = PBXSourcesBuildPhase;
			buildActionMask = 2147483647;
			files = (
				E00717D82990E0EF0098DD53 /* ButtonStylesControlSize.swift in Sources */,
				E0071774298C202C0098DD53 /* DoTryCatch.swift in Sources */,
				E00717D22990DAE50098DD53 /* AsyncImages.swift in Sources */,
				E00717A8298F630B0098DD53 /* TernaryOperators.swift in Sources */,
				E00717C829909C750098DD53 /* Sliders.swift in Sources */,
				E007178A298EE4CC0098DD53 /* Framedemo.swift in Sources */,
				E0DC2D1E298989FB002CC185 /* ViewController.swift in Sources */,
				E0071788298EE21B0098DD53 /* Imagesdemo.swift in Sources */,
				E00718D12992FB6D0098DD53 /* JSONDecoderdemo.swift in Sources */,
				E00717C22990712C0098DD53 /* Toggles.swift in Sources */,
				E00717A4298F5C930098DD53 /* BindingPropertyWrapper.swift in Sources */,
				E00717A2298F59EE0098DD53 /* ExtractingSubViews.swift in Sources */,
				E007179A298F3C5D0098DD53 /* SafeAreademo.swift in Sources */,
				E00717CC2990BAFF0098DD53 /* DarkMode.swift in Sources */,
				E00717D42990DEA90098DD53 /* BackgroundMaterials.swift in Sources */,
				5CA05A69299EAD2100729FE7 /* Tasks.swift in Sources */,
				E00717C42990738A0098DD53 /* Pickers.swift in Sources */,
				E00717DC299197D60098DD53 /* Badges.swift in Sources */,
				E007179E298F53E10098DD53 /* StatePropertyWrapper.swift in Sources */,
				E0071792298EFC870098DD53 /* Spacerdemo.swift in Sources */,
				E00717B0298F76970098DD53 /* SheetsAndFullScreenCover.swift in Sources */,
				E0071782298ED2A40098DD53 /* Colordemo.swift in Sources */,
				E00717BA29902BBE0098DD53 /* ActionSheets.swift in Sources */,
				E0DC2D1A298989FB002CC185 /* AppDelegate.swift in Sources */,
				5C8DFA4729A0153400455385 /* Sendables.swift in Sources */,
				5CA05A6D299F1CF300729FE7 /* TaskGroups.swift in Sources */,
				E00717BC29903A830098DD53 /* ContextMenus.swift in Sources */,
				5C8DFA4C29A03EEA00455385 /* CustomViewModifier.swift in Sources */,
				5C8DFA4929A0322200455385 /* AsyncPublishers.swift in Sources */,
				E00717AA298F65420098DD53 /* AnimationsDemo.swift in Sources */,
				E0071798298F118B0098DD53 /* LazyVGriddemo.swift in Sources */,
				E00717CE2990D6290098DD53 /* OnAppearOnDisappear.swift in Sources */,
				E00717A6298F60220098DD53 /* ConditionalStatements.swift in Sources */,
				E00717DE29919A790098DD53 /* FocusStates.swift in Sources */,
				E0071794298F07930098DD53 /* InitsAndEnumdemo.swift in Sources */,
				E00718CF2992F59B0098DD53 /* UnitTests.swift in Sources */,
				5C8DFA43299FEAE700455385 /* Actors.swift in Sources */,
				E0071786298EDFEF0098DD53 /* SystemIconsdemo.swift in Sources */,
				E007178E298EF2F60098DD53 /* VHZStacksdemo.swift in Sources */,
				E007179C298F418C0098DD53 /* Buttonsdemo.swift in Sources */,
				E0071790298EF6D80098DD53 /* Paddingdemo.swift in Sources */,
				5CA05A6B299EEE1700729FE7 /* AsyncLet.swift in Sources */,
				E00717CA2990A6390098DD53 /* TabViews.swift in Sources */,
				E00717B6298F98A10098DD53 /* LIsts.swift in Sources */,
				E0071784298ED7ED0098DD53 /* Gradientdemo.swift in Sources */,
				5C8DFA4529A00BBE00455385 /* GlobalActors.swift in Sources */,
				E00717B4298F86550098DD53 /* NavigationViewAndLink.swift in Sources */,
				E0071779298C3D780098DD53 /* AsyncAwait.swift in Sources */,
				E00717C0299044DC0098DD53 /* TextEditors.swift in Sources */,
				E0071780298ED0160098DD53 /* Shapesdemo.swift in Sources */,
				5C8DFA5029A058B100455385 /* CustomAnyTransitions.swift in Sources */,
				E0DC2D1C298989FB002CC185 /* SceneDelegate.swift in Sources */,
				E00717C6299097C00098DD53 /* Steppers.swift in Sources */,
				5CA05A5C299C3BAD00729FE7 /* GeometryReaders.swift in Sources */,
				E007177E298ECB780098DD53 /* Textdemo.swift in Sources */,
				E0071777298C2BC80098DD53 /* DownLoadImageAsync.swift in Sources */,
				E00717AE298F6CE60098DD53 /* AnimationTransition.swift in Sources */,
				E00717A0298F56A00098DD53 /* ExtractingFunctionsAndViews.swift in Sources */,
				E00717B2298F7A970098DD53 /* SheetVSTransitionVSAnimation.swift in Sources */,
				5C8DFA4E29A0517F00455385 /* CustomButtonStyles.swift in Sources */,
				E0071796298F0C6D0098DD53 /* ScrollViewdemo.swift in Sources */,
				E00717BE29903E1F0098DD53 /* TextFields.swift in Sources */,
				E00717DA2990E7760098DD53 /* SwipeActionsOnListItems.swift in Sources */,
				E00717AC298F6A450098DD53 /* AnimationTiming.swift in Sources */,
				E00717B8299021580098DD53 /* Alerts.swift in Sources */,
				E00717D62990E05E0098DD53 /* SelectingText.swift in Sources */,
				E00717D02990D7C40098DD53 /* OnTapGesture.swift in Sources */,
				5C8DFA41299F43BA00455385 /* Continuations.swift in Sources */,
				E007178C298EE81B0098DD53 /* BackgroundAndOverlaydemo.swift in Sources */,
			);
			runOnlyForDeploymentPostprocessing = 0;
		};
/* End PBXSourcesBuildPhase section */

/* Begin PBXVariantGroup section */
		E0DC2D1F298989FB002CC185 /* Main.storyboard */ = {
			isa = PBXVariantGroup;
			children = (
				E0DC2D20298989FB002CC185 /* Base */,
			);
			name = Main.storyboard;
			sourceTree = "<group>";
		};
		E0DC2D24298989FD002CC185 /* LaunchScreen.storyboard */ = {
			isa = PBXVariantGroup;
			children = (
				E0DC2D25298989FD002CC185 /* Base */,
			);
			name = LaunchScreen.storyboard;
			sourceTree = "<group>";
		};
/* End PBXVariantGroup section */

/* Begin XCBuildConfiguration section */
		E0DC2D28298989FD002CC185 /* Debug */ = {
			isa = XCBuildConfiguration;
			buildSettings = {
				ALWAYS_SEARCH_USER_PATHS = NO;
				CLANG_ANALYZER_NONNULL = YES;
				CLANG_ANALYZER_NUMBER_OBJECT_CONVERSION = YES_AGGRESSIVE;
				CLANG_CXX_LANGUAGE_STANDARD = "gnu++20";
				CLANG_ENABLE_MODULES = YES;
				CLANG_ENABLE_OBJC_ARC = YES;
				CLANG_ENABLE_OBJC_WEAK = YES;
				CLANG_WARN_BLOCK_CAPTURE_AUTORELEASING = YES;
				CLANG_WARN_BOOL_CONVERSION = YES;
				CLANG_WARN_COMMA = YES;
				CLANG_WARN_CONSTANT_CONVERSION = YES;
				CLANG_WARN_DEPRECATED_OBJC_IMPLEMENTATIONS = YES;
				CLANG_WARN_DIRECT_OBJC_ISA_USAGE = YES_ERROR;
				CLANG_WARN_DOCUMENTATION_COMMENTS = YES;
				CLANG_WARN_EMPTY_BODY = YES;
				CLANG_WARN_ENUM_CONVERSION = YES;
				CLANG_WARN_INFINITE_RECURSION = YES;
				CLANG_WARN_INT_CONVERSION = YES;
				CLANG_WARN_NON_LITERAL_NULL_CONVERSION = YES;
				CLANG_WARN_OBJC_IMPLICIT_RETAIN_SELF = YES;
				CLANG_WARN_OBJC_LITERAL_CONVERSION = YES;
				CLANG_WARN_OBJC_ROOT_CLASS = YES_ERROR;
				CLANG_WARN_QUOTED_INCLUDE_IN_FRAMEWORK_HEADER = YES;
				CLANG_WARN_RANGE_LOOP_ANALYSIS = YES;
				CLANG_WARN_STRICT_PROTOTYPES = YES;
				CLANG_WARN_SUSPICIOUS_MOVE = YES;
				CLANG_WARN_UNGUARDED_AVAILABILITY = YES_AGGRESSIVE;
				CLANG_WARN_UNREACHABLE_CODE = YES;
				CLANG_WARN__DUPLICATE_METHOD_MATCH = YES;
				COPY_PHASE_STRIP = NO;
				DEBUG_INFORMATION_FORMAT = dwarf;
				ENABLE_STRICT_OBJC_MSGSEND = YES;
				ENABLE_TESTABILITY = YES;
				GCC_C_LANGUAGE_STANDARD = gnu11;
				GCC_DYNAMIC_NO_PIC = NO;
				GCC_NO_COMMON_BLOCKS = YES;
				GCC_OPTIMIZATION_LEVEL = 0;
				GCC_PREPROCESSOR_DEFINITIONS = (
					"DEBUG=1",
					"$(inherited)",
				);
				GCC_WARN_64_TO_32_BIT_CONVERSION = YES;
				GCC_WARN_ABOUT_RETURN_TYPE = YES_ERROR;
				GCC_WARN_UNDECLARED_SELECTOR = YES;
				GCC_WARN_UNINITIALIZED_AUTOS = YES_AGGRESSIVE;
				GCC_WARN_UNUSED_FUNCTION = YES;
				GCC_WARN_UNUSED_VARIABLE = YES;
				IPHONEOS_DEPLOYMENT_TARGET = 16.2;
				MTL_ENABLE_DEBUG_INFO = INCLUDE_SOURCE;
				MTL_FAST_MATH = YES;
				ONLY_ACTIVE_ARCH = YES;
				SDKROOT = iphoneos;
				SWIFT_ACTIVE_COMPILATION_CONDITIONS = DEBUG;
				SWIFT_OPTIMIZATION_LEVEL = "-Onone";
			};
			name = Debug;
		};
		E0DC2D29298989FD002CC185 /* Release */ = {
			isa = XCBuildConfiguration;
			buildSettings = {
				ALWAYS_SEARCH_USER_PATHS = NO;
				CLANG_ANALYZER_NONNULL = YES;
				CLANG_ANALYZER_NUMBER_OBJECT_CONVERSION = YES_AGGRESSIVE;
				CLANG_CXX_LANGUAGE_STANDARD = "gnu++20";
				CLANG_ENABLE_MODULES = YES;
				CLANG_ENABLE_OBJC_ARC = YES;
				CLANG_ENABLE_OBJC_WEAK = YES;
				CLANG_WARN_BLOCK_CAPTURE_AUTORELEASING = YES;
				CLANG_WARN_BOOL_CONVERSION = YES;
				CLANG_WARN_COMMA = YES;
				CLANG_WARN_CONSTANT_CONVERSION = YES;
				CLANG_WARN_DEPRECATED_OBJC_IMPLEMENTATIONS = YES;
				CLANG_WARN_DIRECT_OBJC_ISA_USAGE = YES_ERROR;
				CLANG_WARN_DOCUMENTATION_COMMENTS = YES;
				CLANG_WARN_EMPTY_BODY = YES;
				CLANG_WARN_ENUM_CONVERSION = YES;
				CLANG_WARN_INFINITE_RECURSION = YES;
				CLANG_WARN_INT_CONVERSION = YES;
				CLANG_WARN_NON_LITERAL_NULL_CONVERSION = YES;
				CLANG_WARN_OBJC_IMPLICIT_RETAIN_SELF = YES;
				CLANG_WARN_OBJC_LITERAL_CONVERSION = YES;
				CLANG_WARN_OBJC_ROOT_CLASS = YES_ERROR;
				CLANG_WARN_QUOTED_INCLUDE_IN_FRAMEWORK_HEADER = YES;
				CLANG_WARN_RANGE_LOOP_ANALYSIS = YES;
				CLANG_WARN_STRICT_PROTOTYPES = YES;
				CLANG_WARN_SUSPICIOUS_MOVE = YES;
				CLANG_WARN_UNGUARDED_AVAILABILITY = YES_AGGRESSIVE;
				CLANG_WARN_UNREACHABLE_CODE = YES;
				CLANG_WARN__DUPLICATE_METHOD_MATCH = YES;
				COPY_PHASE_STRIP = NO;
				DEBUG_INFORMATION_FORMAT = "dwarf-with-dsym";
				ENABLE_NS_ASSERTIONS = NO;
				ENABLE_STRICT_OBJC_MSGSEND = YES;
				GCC_C_LANGUAGE_STANDARD = gnu11;
				GCC_NO_COMMON_BLOCKS = YES;
				GCC_WARN_64_TO_32_BIT_CONVERSION = YES;
				GCC_WARN_ABOUT_RETURN_TYPE = YES_ERROR;
				GCC_WARN_UNDECLARED_SELECTOR = YES;
				GCC_WARN_UNINITIALIZED_AUTOS = YES_AGGRESSIVE;
				GCC_WARN_UNUSED_FUNCTION = YES;
				GCC_WARN_UNUSED_VARIABLE = YES;
				IPHONEOS_DEPLOYMENT_TARGET = 16.2;
				MTL_ENABLE_DEBUG_INFO = NO;
				MTL_FAST_MATH = YES;
				SDKROOT = iphoneos;
				SWIFT_COMPILATION_MODE = wholemodule;
				SWIFT_OPTIMIZATION_LEVEL = "-O";
				VALIDATE_PRODUCT = YES;
			};
			name = Release;
		};
		E0DC2D2B298989FD002CC185 /* Debug */ = {
			isa = XCBuildConfiguration;
			buildSettings = {
				ASSETCATALOG_COMPILER_APPICON_NAME = AppIcon;
				ASSETCATALOG_COMPILER_GLOBAL_ACCENT_COLOR_NAME = AccentColor;
				CODE_SIGN_STYLE = Automatic;
				CURRENT_PROJECT_VERSION = 1;
				DEVELOPMENT_TEAM = 4KWJ24YG9V;
				GENERATE_INFOPLIST_FILE = YES;
				INFOPLIST_FILE = Everything_Swift/Info.plist;
				INFOPLIST_KEY_UIApplicationSupportsIndirectInputEvents = YES;
				INFOPLIST_KEY_UILaunchStoryboardName = LaunchScreen;
				INFOPLIST_KEY_UIMainStoryboardFile = Main;
				INFOPLIST_KEY_UISupportedInterfaceOrientations_iPad = "UIInterfaceOrientationPortrait UIInterfaceOrientationPortraitUpsideDown UIInterfaceOrientationLandscapeLeft UIInterfaceOrientationLandscapeRight";
				INFOPLIST_KEY_UISupportedInterfaceOrientations_iPhone = "UIInterfaceOrientationPortrait UIInterfaceOrientationLandscapeLeft UIInterfaceOrientationLandscapeRight";
				LD_RUNPATH_SEARCH_PATHS = (
					"$(inherited)",
					"@executable_path/Frameworks",
				);
				MARKETING_VERSION = 1.0;
				PRODUCT_BUNDLE_IDENTIFIER = "ceriosrey.Everything-Swift";
				PRODUCT_NAME = "$(TARGET_NAME)";
				SWIFT_EMIT_LOC_STRINGS = YES;
				SWIFT_VERSION = 5.0;
				TARGETED_DEVICE_FAMILY = "1,2";
			};
			name = Debug;
		};
		E0DC2D2C298989FD002CC185 /* Release */ = {
			isa = XCBuildConfiguration;
			buildSettings = {
				ASSETCATALOG_COMPILER_APPICON_NAME = AppIcon;
				ASSETCATALOG_COMPILER_GLOBAL_ACCENT_COLOR_NAME = AccentColor;
				CODE_SIGN_STYLE = Automatic;
				CURRENT_PROJECT_VERSION = 1;
				DEVELOPMENT_TEAM = 4KWJ24YG9V;
				GENERATE_INFOPLIST_FILE = YES;
				INFOPLIST_FILE = Everything_Swift/Info.plist;
				INFOPLIST_KEY_UIApplicationSupportsIndirectInputEvents = YES;
				INFOPLIST_KEY_UILaunchStoryboardName = LaunchScreen;
				INFOPLIST_KEY_UIMainStoryboardFile = Main;
				INFOPLIST_KEY_UISupportedInterfaceOrientations_iPad = "UIInterfaceOrientationPortrait UIInterfaceOrientationPortraitUpsideDown UIInterfaceOrientationLandscapeLeft UIInterfaceOrientationLandscapeRight";
				INFOPLIST_KEY_UISupportedInterfaceOrientations_iPhone = "UIInterfaceOrientationPortrait UIInterfaceOrientationLandscapeLeft UIInterfaceOrientationLandscapeRight";
				LD_RUNPATH_SEARCH_PATHS = (
					"$(inherited)",
					"@executable_path/Frameworks",
				);
				MARKETING_VERSION = 1.0;
				PRODUCT_BUNDLE_IDENTIFIER = "ceriosrey.Everything-Swift";
				PRODUCT_NAME = "$(TARGET_NAME)";
				SWIFT_EMIT_LOC_STRINGS = YES;
				SWIFT_VERSION = 5.0;
				TARGETED_DEVICE_FAMILY = "1,2";
			};
			name = Release;
		};
/* End XCBuildConfiguration section */

/* Begin XCConfigurationList section */
		E0DC2D11298989FB002CC185 /* Build configuration list for PBXProject "Everything_Swift" */ = {
			isa = XCConfigurationList;
			buildConfigurations = (
				E0DC2D28298989FD002CC185 /* Debug */,
				E0DC2D29298989FD002CC185 /* Release */,
			);
			defaultConfigurationIsVisible = 0;
			defaultConfigurationName = Release;
		};
		E0DC2D2A298989FD002CC185 /* Build configuration list for PBXNativeTarget "Everything_Swift" */ = {
			isa = XCConfigurationList;
			buildConfigurations = (
				E0DC2D2B298989FD002CC185 /* Debug */,
				E0DC2D2C298989FD002CC185 /* Release */,
			);
			defaultConfigurationIsVisible = 0;
			defaultConfigurationName = Release;
		};
/* End XCConfigurationList section */
	};
	rootObject = E0DC2D0E298989FB002CC185 /* Project object */;
}
